
Microsoft Visual Studio Solution File, Format Version 12.00
# Visual Studio Version 17
VisualStudioVersion = 17.13.35919.96 d17.13
MinimumVisualStudioVersion = 10.0.40219.1
Project("{FAE04EC0-301F-11D3-BF4B-00C04F79EFBC}") = "nath", "nath\nath.csproj", "{6459BB80-3E5E-47A0-A33E-B33C8162BA4D}"
EndProject
Global
	GlobalSection(SolutionConfigurationPlatforms) = preSolution
		Debug|Any CPU = Debug|Any CPU
		Release|Any CPU = Release|Any CPU
	EndGlobalSection
	GlobalSection(ProjectConfigurationPlatforms) = postSolution
		{6459BB80-3E5E-47A0-A33E-B33C8162BA4D}.Debug|Any CPU.ActiveCfg = Debug|Any CPU
		{6459BB80-3E5E-47A0-A33E-B33C8162BA4D}.Debug|Any CPU.Build.0 = Debug|Any CPU
		{6459BB80-3E5E-47A0-A33E-B33C8162BA4D}.Release|Any CPU.ActiveCfg = Release|Any CPU
		{6459BB80-3E5E-47A0-A33E-B33C8162BA4D}.Release|Any CPU.Build.0 = Release|Any CPU
	EndGlobalSection
	GlobalSection(SolutionProperties) = preSolution
		HideSolutionNode = FALSE
	EndGlobalSection
	GlobalSection(ExtensibilityGlobals) = postSolution
		SolutionGuid = {72DB3C59-3D72-4260-A516-0CD2F32C890F}
	EndGlobalSection
EndGlobal
